
Microsoft Visual Studio Solution File, Format Version 12.00
# Visual Studio Version 16
VisualStudioVersion = 16.0.29728.190
MinimumVisualStudioVersion = 10.0.40219.1
Project("{9A19103F-16F7-4668-BE54-9A1E7A4F7556}") = "SchoolMngNetCore.Core", "src\SchoolMngNetCore.Core\SchoolMngNetCore.Core.csproj", "{A1D9A2BB-92CE-4777-A8C1-B2ED6707ECA2}"
EndProject
Global
	GlobalSection(SolutionConfigurationPlatforms) = preSolution
		Debug|Any CPU = Debug|Any CPU
		Release|Any CPU = Release|Any CPU
	EndGlobalSection
	GlobalSection(ProjectConfigurationPlatforms) = postSolution
		{A1D9A2BB-92CE-4777-A8C1-B2ED6707ECA2}.Debug|Any CPU.ActiveCfg = Debug|Any CPU
		{A1D9A2BB-92CE-4777-A8C1-B2ED6707ECA2}.Debug|Any CPU.Build.0 = Debug|Any CPU
		{A1D9A2BB-92CE-4777-A8C1-B2ED6707ECA2}.Release|Any CPU.ActiveCfg = Release|Any CPU
		{A1D9A2BB-92CE-4777-A8C1-B2ED6707ECA2}.Release|Any CPU.Build.0 = Release|Any CPU
	EndGlobalSection
	GlobalSection(SolutionProperties) = preSolution
		HideSolutionNode = FALSE
	EndGlobalSection
	GlobalSection(ExtensibilityGlobals) = postSolution
		SolutionGuid = {D734A305-81F8-4D1E-8280-8D20F69F7A19}
	EndGlobalSection
EndGlobal
